
Microsoft Visual Studio Solution File, Format Version 12.00
Project("{FAE04EC0-301F-11D3-BF4B-00C04F79EFBC}") = "WebApplication1", "WebApplication1\WebApplication1.csproj", "{84E765DE-7802-4384-85BD-78F94F50066B}"
EndProject
Project("{2150E333-8FDC-42A3-9474-1A3956D46DE8}") = "Solution Items", "Solution Items", "{E7E1B5DC-7C7E-4CB2-ADDB-8FB230CBFBA7}"
	ProjectSection(SolutionItems) = preProject
		docker-compose.yml = docker-compose.yml
	EndProjectSection
EndProject
Global
	GlobalSection(SolutionConfigurationPlatforms) = preSolution
		Debug|Any CPU = Debug|Any CPU
		Release|Any CPU = Release|Any CPU
	EndGlobalSection
	GlobalSection(ProjectConfigurationPlatforms) = postSolution
		{84E765DE-7802-4384-85BD-78F94F50066B}.Debug|Any CPU.ActiveCfg = Debug|Any CPU
		{84E765DE-7802-4384-85BD-78F94F50066B}.Debug|Any CPU.Build.0 = Debug|Any CPU
		{84E765DE-7802-4384-85BD-78F94F50066B}.Release|Any CPU.ActiveCfg = Release|Any CPU
		{84E765DE-7802-4384-85BD-78F94F50066B}.Release|Any CPU.Build.0 = Release|Any CPU
	EndGlobalSection
EndGlobal
